
Microsoft Visual Studio Solution File, Format Version 12.00
# Visual Studio Version 16
VisualStudioVersion = 16.0.30523.141
MinimumVisualStudioVersion = 10.0.40219.1
Project("{FAE04EC0-301F-11D3-BF4B-00C04F79EFBC}") = "Adatbazis_kerdesek", "Adatbazis_kerdesek\Adatbazis_kerdesek.csproj", "{AD632ABF-6700-45B8-BBDA-B6DEE0149687}"
EndProject
Global
	GlobalSection(SolutionConfigurationPlatforms) = preSolution
		Debug|Any CPU = Debug|Any CPU
		Release|Any CPU = Release|Any CPU
	EndGlobalSection
	GlobalSection(ProjectConfigurationPlatforms) = postSolution
		{AD632ABF-6700-45B8-BBDA-B6DEE0149687}.Debug|Any CPU.ActiveCfg = Debug|Any CPU
		{AD632ABF-6700-45B8-BBDA-B6DEE0149687}.Debug|Any CPU.Build.0 = Debug|Any CPU
		{AD632ABF-6700-45B8-BBDA-B6DEE0149687}.Release|Any CPU.ActiveCfg = Release|Any CPU
		{AD632ABF-6700-45B8-BBDA-B6DEE0149687}.Release|Any CPU.Build.0 = Release|Any CPU
	EndGlobalSection
	GlobalSection(SolutionProperties) = preSolution
		HideSolutionNode = FALSE
	EndGlobalSection
	GlobalSection(ExtensibilityGlobals) = postSolution
		SolutionGuid = {854E82BB-81B3-4B42-A253-7446B1F1C3EA}
	EndGlobalSection
EndGlobal
